
Microsoft Visual Studio Solution File, Format Version 12.00
# Visual Studio 14
VisualStudioVersion = 14.0.25420.1
MinimumVisualStudioVersion = 10.0.40219.1
Project("{FAE04EC0-301F-11D3-BF4B-00C04F79EFBC}") = "Acquaint.Native.iOS", "Acquaint.Native\Acquaint.Native.iOS\Acquaint.Native.iOS.csproj", "{8B9A9EFD-5B43-434F-8FD5-AD040CD5201B}"
EndProject
Project("{FAE04EC0-301F-11D3-BF4B-00C04F79EFBC}") = "Acquaint.Native.Droid", "Acquaint.Native\Acquaint.Native.Droid\Acquaint.Native.Droid.csproj", "{CFBC7191-CBAB-4544-AA32-E5DABDE81B14}"
EndProject
Project("{2150E333-8FDC-42A3-9474-1A3956D46DE8}") = "Common", "Common", "{63D70FBD-5C5B-44DF-B043-28A6AFF32573}"
EndProject
Project("{2150E333-8FDC-42A3-9474-1A3956D46DE8}") = "Tests", "Tests", "{B1D60F6A-6894-4728-9583-C9B73D6767C4}"
EndProject
Project("{FAE04EC0-301F-11D3-BF4B-00C04F79EFBC}") = "Acquaint.Native.UITest.iOS", "Acquaint.Native\Acquaint.Native.UITest\Acquaint.Native.UITest.iOS\Acquaint.Native.UITest.iOS.csproj", "{654F8BEC-D2D2-4213-AAF0-BFA637A12FC1}"
EndProject
Project("{FAE04EC0-301F-11D3-BF4B-00C04F79EFBC}") = "Acquaint.Native.UITest.Android", "Acquaint.Native\Acquaint.Native.UITest\Acquaint.Native.UITest.Android\Acquaint.Native.UITest.Android.csproj", "{C4ADABA2-C8DF-470A-9616-31780A649462}"
EndProject
Project("{FAE04EC0-301F-11D3-BF4B-00C04F79EFBC}") = "Acquaint.Data", "Common\Acquaint.Data\Acquaint.Data.csproj", "{5A3530AB-4053-4CF3-BEDE-A3E04C45D255}"
EndProject
Project("{FAE04EC0-301F-11D3-BF4B-00C04F79EFBC}") = "Acquaint.Util", "Common\Acquaint.Util\Acquaint.Util.csproj", "{1D18D929-1B53-4AF9-9499-14ABB26D257F}"
EndProject
Project("{FAE04EC0-301F-11D3-BF4B-00C04F79EFBC}") = "Acquaint.Models", "Common\Acquaint.Models\Acquaint.Models.csproj", "{2C4B0766-DF89-4466-B841-0BA58FD9D19B}"
EndProject
Project("{FAE04EC0-301F-11D3-BF4B-00C04F79EFBC}") = "Acquaint.ModelContracts", "..\Common\Acquaint.ModelContracts\Acquaint.ModelContracts.csproj", "{ED10B823-AA77-4142-919F-6A42C4D087A9}"
EndProject
Project("{FAE04EC0-301F-11D3-BF4B-00C04F79EFBC}") = "Acquaint.Abstractions", "Common\Acquaint.Abstractions\Acquaint.Abstractions.csproj", "{0B984675-688B-41C6-BEB7-D104DE9158C3}"
EndProject
Project("{FAE04EC0-301F-11D3-BF4B-00C04F79EFBC}") = "Acquaint.Native.UWP", "Acquaint.Native\Acquaint.Native.UWP\Acquaint.Native.UWP.csproj", "{BFD6D846-0B01-41F9-BA9A-6C47BF840B86}"
EndProject
Global
	GlobalSection(SolutionConfigurationPlatforms) = preSolution
		Debug|Any CPU = Debug|Any CPU
		Debug|ARM = Debug|ARM
		Debug|iPhone = Debug|iPhone
		Debug|iPhoneSimulator = Debug|iPhoneSimulator
		Debug|x64 = Debug|x64
		Debug|x86 = Debug|x86
		Release|Any CPU = Release|Any CPU
		Release|ARM = Release|ARM
		Release|iPhone = Release|iPhone
		Release|iPhoneSimulator = Release|iPhoneSimulator
		Release|x64 = Release|x64
		Release|x86 = Release|x86
	EndGlobalSection
	GlobalSection(ProjectConfigurationPlatforms) = postSolution
		{8B9A9EFD-5B43-434F-8FD5-AD040CD5201B}.Debug|Any CPU.ActiveCfg = Debug|iPhoneSimulator
		{8B9A9EFD-5B43-434F-8FD5-AD040CD5201B}.Debug|ARM.ActiveCfg = Debug|iPhone
		{8B9A9EFD-5B43-434F-8FD5-AD040CD5201B}.Debug|iPhone.ActiveCfg = Debug|iPhone
		{8B9A9EFD-5B43-434F-8FD5-AD040CD5201B}.Debug|iPhone.Build.0 = Debug|iPhone
		{8B9A9EFD-5B43-434F-8FD5-AD040CD5201B}.Debug|iPhoneSimulator.ActiveCfg = Debug|iPhoneSimulator
		{8B9A9EFD-5B43-434F-8FD5-AD040CD5201B}.Debug|iPhoneSimulator.Build.0 = Debug|iPhoneSimulator
		{8B9A9EFD-5B43-434F-8FD5-AD040CD5201B}.Debug|x64.ActiveCfg = Debug|iPhone
		{8B9A9EFD-5B43-434F-8FD5-AD040CD5201B}.Debug|x86.ActiveCfg = Debug|iPhone
		{8B9A9EFD-5B43-434F-8FD5-AD040CD5201B}.Release|Any CPU.ActiveCfg = Release|iPhone
		{8B9A9EFD-5B43-434F-8FD5-AD040CD5201B}.Release|ARM.ActiveCfg = Release|iPhoneSimulator
		{8B9A9EFD-5B43-434F-8FD5-AD040CD5201B}.Release|iPhone.ActiveCfg = Release|iPhone
		{8B9A9EFD-5B43-434F-8FD5-AD040CD5201B}.Release|iPhone.Build.0 = Release|iPhone
		{8B9A9EFD-5B43-434F-8FD5-AD040CD5201B}.Release|iPhoneSimulator.ActiveCfg = Release|iPhoneSimulator
		{8B9A9EFD-5B43-434F-8FD5-AD040CD5201B}.Release|iPhoneSimulator.Build.0 = Release|iPhoneSimulator
		{8B9A9EFD-5B43-434F-8FD5-AD040CD5201B}.Release|x64.ActiveCfg = Release|iPhoneSimulator
		{8B9A9EFD-5B43-434F-8FD5-AD040CD5201B}.Release|x86.ActiveCfg = Release|iPhoneSimulator
		{CFBC7191-CBAB-4544-AA32-E5DABDE81B14}.Debug|Any CPU.ActiveCfg = Debug|Any CPU
		{CFBC7191-CBAB-4544-AA32-E5DABDE81B14}.Debug|Any CPU.Build.0 = Debug|Any CPU
		{CFBC7191-CBAB-4544-AA32-E5DABDE81B14}.Debug|Any CPU.Deploy.0 = Debug|Any CPU
		{CFBC7191-CBAB-4544-AA32-E5DABDE81B14}.Debug|ARM.ActiveCfg = Debug|Any CPU
		{CFBC7191-CBAB-4544-AA32-E5DABDE81B14}.Debug|ARM.Build.0 = Debug|Any CPU
		{CFBC7191-CBAB-4544-AA32-E5DABDE81B14}.Debug|ARM.Deploy.0 = Debug|Any CPU
		{CFBC7191-CBAB-4544-AA32-E5DABDE81B14}.Debug|iPhone.ActiveCfg = Debug|Any CPU
		{CFBC7191-CBAB-4544-AA32-E5DABDE81B14}.Debug|iPhoneSimulator.ActiveCfg = Debug|Any CPU
		{CFBC7191-CBAB-4544-AA32-E5DABDE81B14}.Debug|x64.ActiveCfg = Debug|Any CPU
		{CFBC7191-CBAB-4544-AA32-E5DABDE81B14}.Debug|x64.Build.0 = Debug|Any CPU
		{CFBC7191-CBAB-4544-AA32-E5DABDE81B14}.Debug|x64.Deploy.0 = Debug|Any CPU
		{CFBC7191-CBAB-4544-AA32-E5DABDE81B14}.Debug|x86.ActiveCfg = Debug|Any CPU
		{CFBC7191-CBAB-4544-AA32-E5DABDE81B14}.Debug|x86.Build.0 = Debug|Any CPU
		{CFBC7191-CBAB-4544-AA32-E5DABDE81B14}.Debug|x86.Deploy.0 = Debug|Any CPU
		{CFBC7191-CBAB-4544-AA32-E5DABDE81B14}.Release|Any CPU.ActiveCfg = Release|Any CPU
		{CFBC7191-CBAB-4544-AA32-E5DABDE81B14}.Release|Any CPU.Build.0 = Release|Any CPU
		{CFBC7191-CBAB-4544-AA32-E5DABDE81B14}.Release|ARM.ActiveCfg = Release|Any CPU
		{CFBC7191-CBAB-4544-AA32-E5DABDE81B14}.Release|ARM.Build.0 = Release|Any CPU
		{CFBC7191-CBAB-4544-AA32-E5DABDE81B14}.Release|ARM.Deploy.0 = Release|Any CPU
		{CFBC7191-CBAB-4544-AA32-E5DABDE81B14}.Release|iPhone.ActiveCfg = Release|Any CPU
		{CFBC7191-CBAB-4544-AA32-E5DABDE81B14}.Release|iPhoneSimulator.ActiveCfg = Release|Any CPU
		{CFBC7191-CBAB-4544-AA32-E5DABDE81B14}.Release|x64.ActiveCfg = Release|Any CPU
		{CFBC7191-CBAB-4544-AA32-E5DABDE81B14}.Release|x64.Build.0 = Release|Any CPU
		{CFBC7191-CBAB-4544-AA32-E5DABDE81B14}.Release|x64.Deploy.0 = Release|Any CPU
		{CFBC7191-CBAB-4544-AA32-E5DABDE81B14}.Release|x86.ActiveCfg = Release|Any CPU
		{CFBC7191-CBAB-4544-AA32-E5DABDE81B14}.Release|x86.Build.0 = Release|Any CPU
		{CFBC7191-CBAB-4544-AA32-E5DABDE81B14}.Release|x86.Deploy.0 = Release|Any CPU
		{654F8BEC-D2D2-4213-AAF0-BFA637A12FC1}.Debug|Any CPU.ActiveCfg = Debug|Any CPU
		{654F8BEC-D2D2-4213-AAF0-BFA637A12FC1}.Debug|Any CPU.Build.0 = Debug|Any CPU
		{654F8BEC-D2D2-4213-AAF0-BFA637A12FC1}.Debug|ARM.ActiveCfg = Debug|Any CPU
		{654F8BEC-D2D2-4213-AAF0-BFA637A12FC1}.Debug|ARM.Build.0 = Debug|Any CPU
		{654F8BEC-D2D2-4213-AAF0-BFA637A12FC1}.Debug|iPhone.ActiveCfg = Debug|Any CPU
		{654F8BEC-D2D2-4213-AAF0-BFA637A12FC1}.Debug|iPhone.Build.0 = Debug|Any CPU
		{654F8BEC-D2D2-4213-AAF0-BFA637A12FC1}.Debug|iPhoneSimulator.ActiveCfg = Debug|Any CPU
		{654F8BEC-D2D2-4213-AAF0-BFA637A12FC1}.Debug|iPhoneSimulator.Build.0 = Debug|Any CPU
		{654F8BEC-D2D2-4213-AAF0-BFA637A12FC1}.Debug|x64.ActiveCfg = Debug|Any CPU
		{654F8BEC-D2D2-4213-AAF0-BFA637A12FC1}.Debug|x64.Build.0 = Debug|Any CPU
		{654F8BEC-D2D2-4213-AAF0-BFA637A12FC1}.Debug|x86.ActiveCfg = Debug|Any CPU
		{654F8BEC-D2D2-4213-AAF0-BFA637A12FC1}.Debug|x86.Build.0 = Debug|Any CPU
		{654F8BEC-D2D2-4213-AAF0-BFA637A12FC1}.Release|Any CPU.ActiveCfg = Release|Any CPU
		{654F8BEC-D2D2-4213-AAF0-BFA637A12FC1}.Release|Any CPU.Build.0 = Release|Any CPU
		{654F8BEC-D2D2-4213-AAF0-BFA637A12FC1}.Release|ARM.ActiveCfg = Release|Any CPU
		{654F8BEC-D2D2-4213-AAF0-BFA637A12FC1}.Release|ARM.Build.0 = Release|Any CPU
		{654F8BEC-D2D2-4213-AAF0-BFA637A12FC1}.Release|iPhone.ActiveCfg = Release|Any CPU
		{654F8BEC-D2D2-4213-AAF0-BFA637A12FC1}.Release|iPhone.Build.0 = Release|Any CPU
		{654F8BEC-D2D2-4213-AAF0-BFA637A12FC1}.Release|iPhoneSimulator.ActiveCfg = Release|Any CPU
		{654F8BEC-D2D2-4213-AAF0-BFA637A12FC1}.Release|iPhoneSimulator.Build.0 = Release|Any CPU
		{654F8BEC-D2D2-4213-AAF0-BFA637A12FC1}.Release|x64.ActiveCfg = Release|Any CPU
		{654F8BEC-D2D2-4213-AAF0-BFA637A12FC1}.Release|x64.Build.0 = Release|Any CPU
		{654F8BEC-D2D2-4213-AAF0-BFA637A12FC1}.Release|x86.ActiveCfg = Release|Any CPU
		{654F8BEC-D2D2-4213-AAF0-BFA637A12FC1}.Release|x86.Build.0 = Release|Any CPU
		{C4ADABA2-C8DF-470A-9616-31780A649462}.Debug|Any CPU.ActiveCfg = Debug|Any CPU
		{C4ADABA2-C8DF-470A-9616-31780A649462}.Debug|Any CPU.Build.0 = Debug|Any CPU
		{C4ADABA2-C8DF-470A-9616-31780A649462}.Debug|ARM.ActiveCfg = Debug|Any CPU
		{C4ADABA2-C8DF-470A-9616-31780A649462}.Debug|ARM.Build.0 = Debug|Any CPU
		{C4ADABA2-C8DF-470A-9616-31780A649462}.Debug|iPhone.ActiveCfg = Debug|Any CPU
		{C4ADABA2-C8DF-470A-9616-31780A649462}.Debug|iPhone.Build.0 = Debug|Any CPU
		{C4ADABA2-C8DF-470A-9616-31780A649462}.Debug|iPhoneSimulator.ActiveCfg = Debug|Any CPU
		{C4ADABA2-C8DF-470A-9616-31780A649462}.Debug|iPhoneSimulator.Build.0 = Debug|Any CPU
		{C4ADABA2-C8DF-470A-9616-31780A649462}.Debug|x64.ActiveCfg = Debug|Any CPU
		{C4ADABA2-C8DF-470A-9616-31780A649462}.Debug|x64.Build.0 = Debug|Any CPU
		{C4ADABA2-C8DF-470A-9616-31780A649462}.Debug|x86.ActiveCfg = Debug|Any CPU
		{C4ADABA2-C8DF-470A-9616-31780A649462}.Debug|x86.Build.0 = Debug|Any CPU
		{C4ADABA2-C8DF-470A-9616-31780A649462}.Release|Any CPU.ActiveCfg = Release|Any CPU
		{C4ADABA2-C8DF-470A-9616-31780A649462}.Release|Any CPU.Build.0 = Release|Any CPU
		{C4ADABA2-C8DF-470A-9616-31780A649462}.Release|ARM.ActiveCfg = Release|Any CPU
		{C4ADABA2-C8DF-470A-9616-31780A649462}.Release|ARM.Build.0 = Release|Any CPU
		{C4ADABA2-C8DF-470A-9616-31780A649462}.Release|iPhone.ActiveCfg = Release|Any CPU
		{C4ADABA2-C8DF-470A-9616-31780A649462}.Release|iPhone.Build.0 = Release|Any CPU
		{C4ADABA2-C8DF-470A-9616-31780A649462}.Release|iPhoneSimulator.ActiveCfg = Release|Any CPU
		{C4ADABA2-C8DF-470A-9616-31780A649462}.Release|iPhoneSimulator.Build.0 = Release|Any CPU
		{C4ADABA2-C8DF-470A-9616-31780A649462}.Release|x64.ActiveCfg = Release|Any CPU
		{C4ADABA2-C8DF-470A-9616-31780A649462}.Release|x64.Build.0 = Release|Any CPU
		{C4ADABA2-C8DF-470A-9616-31780A649462}.Release|x86.ActiveCfg = Release|Any CPU
		{C4ADABA2-C8DF-470A-9616-31780A649462}.Release|x86.Build.0 = Release|Any CPU
		{5A3530AB-4053-4CF3-BEDE-A3E04C45D255}.Debug|Any CPU.ActiveCfg = Debug|Any CPU
		{5A3530AB-4053-4CF3-BEDE-A3E04C45D255}.Debug|Any CPU.Build.0 = Debug|Any CPU
		{5A3530AB-4053-4CF3-BEDE-A3E04C45D255}.Debug|ARM.ActiveCfg = Debug|Any CPU
		{5A3530AB-4053-4CF3-BEDE-A3E04C45D255}.Debug|ARM.Build.0 = Debug|Any CPU
		{5A3530AB-4053-4CF3-BEDE-A3E04C45D255}.Debug|iPhone.ActiveCfg = Debug|Any CPU
		{5A3530AB-4053-4CF3-BEDE-A3E04C45D255}.Debug|iPhone.Build.0 = Debug|Any CPU
		{5A3530AB-4053-4CF3-BEDE-A3E04C45D255}.Debug|iPhoneSimulator.ActiveCfg = Debug|Any CPU
		{5A3530AB-4053-4CF3-BEDE-A3E04C45D255}.Debug|iPhoneSimulator.Build.0 = Debug|Any CPU
		{5A3530AB-4053-4CF3-BEDE-A3E04C45D255}.Debug|x64.ActiveCfg = Debug|Any CPU
		{5A3530AB-4053-4CF3-BEDE-A3E04C45D255}.Debug|x64.Build.0 = Debug|Any CPU
		{5A3530AB-4053-4CF3-BEDE-A3E04C45D255}.Debug|x86.ActiveCfg = Debug|Any CPU
		{5A3530AB-4053-4CF3-BEDE-A3E04C45D255}.Debug|x86.Build.0 = Debug|Any CPU
		{5A3530AB-4053-4CF3-BEDE-A3E04C45D255}.Release|Any CPU.ActiveCfg = Release|Any CPU
		{5A3530AB-4053-4CF3-BEDE-A3E04C45D255}.Release|Any CPU.Build.0 = Release|Any CPU
		{5A3530AB-4053-4CF3-BEDE-A3E04C45D255}.Release|ARM.ActiveCfg = Release|Any CPU
		{5A3530AB-4053-4CF3-BEDE-A3E04C45D255}.Release|ARM.Build.0 = Release|Any CPU
		{5A3530AB-4053-4CF3-BEDE-A3E04C45D255}.Release|iPhone.ActiveCfg = Release|Any CPU
		{5A3530AB-4053-4CF3-BEDE-A3E04C45D255}.Release|iPhone.Build.0 = Release|Any CPU
		{5A3530AB-4053-4CF3-BEDE-A3E04C45D255}.Release|iPhoneSimulator.ActiveCfg = Release|Any CPU
		{5A3530AB-4053-4CF3-BEDE-A3E04C45D255}.Release|iPhoneSimulator.Build.0 = Release|Any CPU
		{5A3530AB-4053-4CF3-BEDE-A3E04C45D255}.Release|x64.ActiveCfg = Release|Any CPU
		{5A3530AB-4053-4CF3-BEDE-A3E04C45D255}.Release|x64.Build.0 = Release|Any CPU
		{5A3530AB-4053-4CF3-BEDE-A3E04C45D255}.Release|x86.ActiveCfg = Release|Any CPU
		{5A3530AB-4053-4CF3-BEDE-A3E04C45D255}.Release|x86.Build.0 = Release|Any CPU
		{1D18D929-1B53-4AF9-9499-14ABB26D257F}.Debug|Any CPU.ActiveCfg = Debug|Any CPU
		{1D18D929-1B53-4AF9-9499-14ABB26D257F}.Debug|Any CPU.Build.0 = Debug|Any CPU
		{1D18D929-1B53-4AF9-9499-14ABB26D257F}.Debug|ARM.ActiveCfg = Debug|Any CPU
		{1D18D929-1B53-4AF9-9499-14ABB26D257F}.Debug|ARM.Build.0 = Debug|Any CPU
		{1D18D929-1B53-4AF9-9499-14ABB26D257F}.Debug|iPhone.ActiveCfg = Debug|Any CPU
		{1D18D929-1B53-4AF9-9499-14ABB26D257F}.Debug|iPhone.Build.0 = Debug|Any CPU
		{1D18D929-1B53-4AF9-9499-14ABB26D257F}.Debug|iPhoneSimulator.ActiveCfg = Debug|Any CPU
		{1D18D929-1B53-4AF9-9499-14ABB26D257F}.Debug|iPhoneSimulator.Build.0 = Debug|Any CPU
		{1D18D929-1B53-4AF9-9499-14ABB26D257F}.Debug|x64.ActiveCfg = Debug|Any CPU
		{1D18D929-1B53-4AF9-9499-14ABB26D257F}.Debug|x64.Build.0 = Debug|Any CPU
		{1D18D929-1B53-4AF9-9499-14ABB26D257F}.Debug|x86.ActiveCfg = Debug|Any CPU
		{1D18D929-1B53-4AF9-9499-14ABB26D257F}.Debug|x86.Build.0 = Debug|Any CPU
		{1D18D929-1B53-4AF9-9499-14ABB26D257F}.Release|Any CPU.ActiveCfg = Release|Any CPU
		{1D18D929-1B53-4AF9-9499-14ABB26D257F}.Release|Any CPU.Build.0 = Release|Any CPU
		{1D18D929-1B53-4AF9-9499-14ABB26D257F}.Release|ARM.ActiveCfg = Release|Any CPU
		{1D18D929-1B53-4AF9-9499-14ABB26D257F}.Release|ARM.Build.0 = Release|Any CPU
		{1D18D929-1B53-4AF9-9499-14ABB26D257F}.Release|iPhone.ActiveCfg = Release|Any CPU
		{1D18D929-1B53-4AF9-9499-14ABB26D257F}.Release|iPhone.Build.0 = Release|Any CPU
		{1D18D929-1B53-4AF9-9499-14ABB26D257F}.Release|iPhoneSimulator.ActiveCfg = Release|Any CPU
		{1D18D929-1B53-4AF9-9499-14ABB26D257F}.Release|iPhoneSimulator.Build.0 = Release|Any CPU
		{1D18D929-1B53-4AF9-9499-14ABB26D257F}.Release|x64.ActiveCfg = Release|Any CPU
		{1D18D929-1B53-4AF9-9499-14ABB26D257F}.Release|x64.Build.0 = Release|Any CPU
		{1D18D929-1B53-4AF9-9499-14ABB26D257F}.Release|x86.ActiveCfg = Release|Any CPU
		{1D18D929-1B53-4AF9-9499-14ABB26D257F}.Release|x86.Build.0 = Release|Any CPU
		{2C4B0766-DF89-4466-B841-0BA58FD9D19B}.Debug|Any CPU.ActiveCfg = Debug|Any CPU
		{2C4B0766-DF89-4466-B841-0BA58FD9D19B}.Debug|Any CPU.Build.0 = Debug|Any CPU
		{2C4B0766-DF89-4466-B841-0BA58FD9D19B}.Debug|ARM.ActiveCfg = Debug|Any CPU
		{2C4B0766-DF89-4466-B841-0BA58FD9D19B}.Debug|ARM.Build.0 = Debug|Any CPU
		{2C4B0766-DF89-4466-B841-0BA58FD9D19B}.Debug|iPhone.ActiveCfg = Debug|Any CPU
		{2C4B0766-DF89-4466-B841-0BA58FD9D19B}.Debug|iPhone.Build.0 = Debug|Any CPU
		{2C4B0766-DF89-4466-B841-0BA58FD9D19B}.Debug|iPhoneSimulator.ActiveCfg = Debug|Any CPU
		{2C4B0766-DF89-4466-B841-0BA58FD9D19B}.Debug|iPhoneSimulator.Build.0 = Debug|Any CPU
		{2C4B0766-DF89-4466-B841-0BA58FD9D19B}.Debug|x64.ActiveCfg = Debug|Any CPU
		{2C4B0766-DF89-4466-B841-0BA58FD9D19B}.Debug|x64.Build.0 = Debug|Any CPU
		{2C4B0766-DF89-4466-B841-0BA58FD9D19B}.Debug|x86.ActiveCfg = Debug|Any CPU
		{2C4B0766-DF89-4466-B841-0BA58FD9D19B}.Debug|x86.Build.0 = Debug|Any CPU
		{2C4B0766-DF89-4466-B841-0BA58FD9D19B}.Release|Any CPU.ActiveCfg = Release|Any CPU
		{2C4B0766-DF89-4466-B841-0BA58FD9D19B}.Release|Any CPU.Build.0 = Release|Any CPU
		{2C4B0766-DF89-4466-B841-0BA58FD9D19B}.Release|ARM.ActiveCfg = Release|Any CPU
		{2C4B0766-DF89-4466-B841-0BA58FD9D19B}.Release|ARM.Build.0 = Release|Any CPU
		{2C4B0766-DF89-4466-B841-0BA58FD9D19B}.Release|iPhone.ActiveCfg = Release|Any CPU
		{2C4B0766-DF89-4466-B841-0BA58FD9D19B}.Release|iPhone.Build.0 = Release|Any CPU
		{2C4B0766-DF89-4466-B841-0BA58FD9D19B}.Release|iPhoneSimulator.ActiveCfg = Release|Any CPU
		{2C4B0766-DF89-4466-B841-0BA58FD9D19B}.Release|iPhoneSimulator.Build.0 = Release|Any CPU
		{2C4B0766-DF89-4466-B841-0BA58FD9D19B}.Release|x64.ActiveCfg = Release|Any CPU
		{2C4B0766-DF89-4466-B841-0BA58FD9D19B}.Release|x64.Build.0 = Release|Any CPU
		{2C4B0766-DF89-4466-B841-0BA58FD9D19B}.Release|x86.ActiveCfg = Release|Any CPU
		{2C4B0766-DF89-4466-B841-0BA58FD9D19B}.Release|x86.Build.0 = Release|Any CPU
		{ED10B823-AA77-4142-919F-6A42C4D087A9}.Debug|Any CPU.ActiveCfg = Debug|Any CPU
		{ED10B823-AA77-4142-919F-6A42C4D087A9}.Debug|Any CPU.Build.0 = Debug|Any CPU
		{ED10B823-AA77-4142-919F-6A42C4D087A9}.Debug|ARM.ActiveCfg = Debug|Any CPU
		{ED10B823-AA77-4142-919F-6A42C4D087A9}.Debug|ARM.Build.0 = Debug|Any CPU
		{ED10B823-AA77-4142-919F-6A42C4D087A9}.Debug|iPhone.ActiveCfg = Debug|Any CPU
		{ED10B823-AA77-4142-919F-6A42C4D087A9}.Debug|iPhone.Build.0 = Debug|Any CPU
		{ED10B823-AA77-4142-919F-6A42C4D087A9}.Debug|iPhoneSimulator.ActiveCfg = Debug|Any CPU
		{ED10B823-AA77-4142-919F-6A42C4D087A9}.Debug|iPhoneSimulator.Build.0 = Debug|Any CPU
		{ED10B823-AA77-4142-919F-6A42C4D087A9}.Debug|x64.ActiveCfg = Debug|Any CPU
		{ED10B823-AA77-4142-919F-6A42C4D087A9}.Debug|x64.Build.0 = Debug|Any CPU
		{ED10B823-AA77-4142-919F-6A42C4D087A9}.Debug|x86.ActiveCfg = Debug|Any CPU
		{ED10B823-AA77-4142-919F-6A42C4D087A9}.Debug|x86.Build.0 = Debug|Any CPU
		{ED10B823-AA77-4142-919F-6A42C4D087A9}.Release|Any CPU.ActiveCfg = Release|Any CPU
		{ED10B823-AA77-4142-919F-6A42C4D087A9}.Release|Any CPU.Build.0 = Release|Any CPU
		{ED10B823-AA77-4142-919F-6A42C4D087A9}.Release|ARM.ActiveCfg = Release|Any CPU
		{ED10B823-AA77-4142-919F-6A42C4D087A9}.Release|ARM.Build.0 = Release|Any CPU
		{ED10B823-AA77-4142-919F-6A42C4D087A9}.Release|iPhone.ActiveCfg = Release|Any CPU
		{ED10B823-AA77-4142-919F-6A42C4D087A9}.Release|iPhone.Build.0 = Release|Any CPU
		{ED10B823-AA77-4142-919F-6A42C4D087A9}.Release|iPhoneSimulator.ActiveCfg = Release|Any CPU
		{ED10B823-AA77-4142-919F-6A42C4D087A9}.Release|iPhoneSimulator.Build.0 = Release|Any CPU
		{ED10B823-AA77-4142-919F-6A42C4D087A9}.Release|x64.ActiveCfg = Release|Any CPU
		{ED10B823-AA77-4142-919F-6A42C4D087A9}.Release|x64.Build.0 = Release|Any CPU
		{ED10B823-AA77-4142-919F-6A42C4D087A9}.Release|x86.ActiveCfg = Release|Any CPU
		{ED10B823-AA77-4142-919F-6A42C4D087A9}.Release|x86.Build.0 = Release|Any CPU
		{0B984675-688B-41C6-BEB7-D104DE9158C3}.Debug|Any CPU.ActiveCfg = Debug|Any CPU
		{0B984675-688B-41C6-BEB7-D104DE9158C3}.Debug|Any CPU.Build.0 = Debug|Any CPU
		{0B984675-688B-41C6-BEB7-D104DE9158C3}.Debug|ARM.ActiveCfg = Debug|Any CPU
		{0B984675-688B-41C6-BEB7-D104DE9158C3}.Debug|ARM.Build.0 = Debug|Any CPU
		{0B984675-688B-41C6-BEB7-D104DE9158C3}.Debug|iPhone.ActiveCfg = Debug|Any CPU
		{0B984675-688B-41C6-BEB7-D104DE9158C3}.Debug|iPhone.Build.0 = Debug|Any CPU
		{0B984675-688B-41C6-BEB7-D104DE9158C3}.Debug|iPhoneSimulator.ActiveCfg = Debug|Any CPU
		{0B984675-688B-41C6-BEB7-D104DE9158C3}.Debug|iPhoneSimulator.Build.0 = Debug|Any CPU
		{0B984675-688B-41C6-BEB7-D104DE9158C3}.Debug|x64.ActiveCfg = Debug|Any CPU
		{0B984675-688B-41C6-BEB7-D104DE9158C3}.Debug|x64.Build.0 = Debug|Any CPU
		{0B984675-688B-41C6-BEB7-D104DE9158C3}.Debug|x86.ActiveCfg = Debug|Any CPU
		{0B984675-688B-41C6-BEB7-D104DE9158C3}.Debug|x86.Build.0 = Debug|Any CPU
		{0B984675-688B-41C6-BEB7-D104DE9158C3}.Release|Any CPU.ActiveCfg = Release|Any CPU
		{0B984675-688B-41C6-BEB7-D104DE9158C3}.Release|Any CPU.Build.0 = Release|Any CPU
		{0B984675-688B-41C6-BEB7-D104DE9158C3}.Release|ARM.ActiveCfg = Release|Any CPU
		{0B984675-688B-41C6-BEB7-D104DE9158C3}.Release|ARM.Build.0 = Release|Any CPU
		{0B984675-688B-41C6-BEB7-D104DE9158C3}.Release|iPhone.ActiveCfg = Release|Any CPU
		{0B984675-688B-41C6-BEB7-D104DE9158C3}.Release|iPhone.Build.0 = Release|Any CPU
		{0B984675-688B-41C6-BEB7-D104DE9158C3}.Release|iPhoneSimulator.ActiveCfg = Release|Any CPU
		{0B984675-688B-41C6-BEB7-D104DE9158C3}.Release|iPhoneSimulator.Build.0 = Release|Any CPU
		{0B984675-688B-41C6-BEB7-D104DE9158C3}.Release|x64.ActiveCfg = Release|Any CPU
		{0B984675-688B-41C6-BEB7-D104DE9158C3}.Release|x64.Build.0 = Release|Any CPU
		{0B984675-688B-41C6-BEB7-D104DE9158C3}.Release|x86.ActiveCfg = Release|Any CPU
		{0B984675-688B-41C6-BEB7-D104DE9158C3}.Release|x86.Build.0 = Release|Any CPU
		{BFD6D846-0B01-41F9-BA9A-6C47BF840B86}.Debug|Any CPU.ActiveCfg = Debug|x86
		{BFD6D846-0B01-41F9-BA9A-6C47BF840B86}.Debug|Any CPU.Build.0 = Debug|x86
		{BFD6D846-0B01-41F9-BA9A-6C47BF840B86}.Debug|ARM.ActiveCfg = Debug|ARM
		{BFD6D846-0B01-41F9-BA9A-6C47BF840B86}.Debug|ARM.Build.0 = Debug|ARM
		{BFD6D846-0B01-41F9-BA9A-6C47BF840B86}.Debug|ARM.Deploy.0 = Debug|ARM
		{BFD6D846-0B01-41F9-BA9A-6C47BF840B86}.Debug|iPhone.ActiveCfg = Debug|x86
		{BFD6D846-0B01-41F9-BA9A-6C47BF840B86}.Debug|iPhoneSimulator.ActiveCfg = Debug|x86
		{BFD6D846-0B01-41F9-BA9A-6C47BF840B86}.Debug|x64.ActiveCfg = Debug|x64
		{BFD6D846-0B01-41F9-BA9A-6C47BF840B86}.Debug|x64.Build.0 = Debug|x64
		{BFD6D846-0B01-41F9-BA9A-6C47BF840B86}.Debug|x64.Deploy.0 = Debug|x64
		{BFD6D846-0B01-41F9-BA9A-6C47BF840B86}.Debug|x86.ActiveCfg = Debug|x86
		{BFD6D846-0B01-41F9-BA9A-6C47BF840B86}.Debug|x86.Build.0 = Debug|x86
		{BFD6D846-0B01-41F9-BA9A-6C47BF840B86}.Debug|x86.Deploy.0 = Debug|x86
		{BFD6D846-0B01-41F9-BA9A-6C47BF840B86}.Release|Any CPU.ActiveCfg = Release|x86
		{BFD6D846-0B01-41F9-BA9A-6C47BF840B86}.Release|ARM.ActiveCfg = Release|ARM
		{BFD6D846-0B01-41F9-BA9A-6C47BF840B86}.Release|ARM.Build.0 = Release|ARM
		{BFD6D846-0B01-41F9-BA9A-6C47BF840B86}.Release|ARM.Deploy.0 = Release|ARM
		{BFD6D846-0B01-41F9-BA9A-6C47BF840B86}.Release|iPhone.ActiveCfg = Release|x86
		{BFD6D846-0B01-41F9-BA9A-6C47BF840B86}.Release|iPhoneSimulator.ActiveCfg = Release|x86
		{BFD6D846-0B01-41F9-BA9A-6C47BF840B86}.Release|x64.ActiveCfg = Release|x64
		{BFD6D846-0B01-41F9-BA9A-6C47BF840B86}.Release|x64.Build.0 = Release|x64
		{BFD6D846-0B01-41F9-BA9A-6C47BF840B86}.Release|x64.Deploy.0 = Release|x64
		{BFD6D846-0B01-41F9-BA9A-6C47BF840B86}.Release|x86.ActiveCfg = Release|x86
		{BFD6D846-0B01-41F9-BA9A-6C47BF840B86}.Release|x86.Build.0 = Release|x86
		{BFD6D846-0B01-41F9-BA9A-6C47BF840B86}.Release|x86.Deploy.0 = Release|x86
	EndGlobalSection
	GlobalSection(SolutionProperties) = preSolution
		HideSolutionNode = FALSE
	EndGlobalSection
	GlobalSection(NestedProjects) = preSolution
		{654F8BEC-D2D2-4213-AAF0-BFA637A12FC1} = {B1D60F6A-6894-4728-9583-C9B73D6767C4}
		{C4ADABA2-C8DF-470A-9616-31780A649462} = {B1D60F6A-6894-4728-9583-C9B73D6767C4}
		{5A3530AB-4053-4CF3-BEDE-A3E04C45D255} = {63D70FBD-5C5B-44DF-B043-28A6AFF32573}
		{1D18D929-1B53-4AF9-9499-14ABB26D257F} = {63D70FBD-5C5B-44DF-B043-28A6AFF32573}
		{2C4B0766-DF89-4466-B841-0BA58FD9D19B} = {63D70FBD-5C5B-44DF-B043-28A6AFF32573}
		{ED10B823-AA77-4142-919F-6A42C4D087A9} = {63D70FBD-5C5B-44DF-B043-28A6AFF32573}
		{0B984675-688B-41C6-BEB7-D104DE9158C3} = {63D70FBD-5C5B-44DF-B043-28A6AFF32573}
	EndGlobalSection
	GlobalSection(TeamFoundationVersionControl) = preSolution
		SccNumberOfProjects = 11
		SccEnterpriseProvider = {4CA58AB2-18FA-4F8D-95D4-32DDF27D184C}
		SccTeamFoundationServer = https://juliencorioland.visualstudio.com/defaultcollection
		SccLocalPath0 = .
		SccProjectUniqueName1 = Acquaint.Native\\Acquaint.Native.Droid\\Acquaint.Native.Droid.csproj
		SccProjectName1 = Acquaint.Native/Acquaint.Native.Droid
		SccLocalPath1 = Acquaint.Native\\Acquaint.Native.Droid
		SccProjectUniqueName2 = Acquaint.Native\\Acquaint.Native.iOS\\Acquaint.Native.iOS.csproj
		SccProjectName2 = Acquaint.Native/Acquaint.Native.iOS
		SccLocalPath2 = Acquaint.Native\\Acquaint.Native.iOS
		SccProjectUniqueName3 = Acquaint.Native\\Acquaint.Native.UITest\\Acquaint.Native.UITest.Android\\Acquaint.Native.UITest.Android.csproj
		SccProjectTopLevelParentUniqueName3 = Acquaint.Native.sln
		SccProjectName3 = Acquaint.Native/Acquaint.Native.UITest/Acquaint.Native.UITest.Android
		SccLocalPath3 = Acquaint.Native\\Acquaint.Native.UITest\\Acquaint.Native.UITest.Android
		SccProjectUniqueName4 = Acquaint.Native\\Acquaint.Native.UITest\\Acquaint.Native.UITest.iOS\\Acquaint.Native.UITest.iOS.csproj
		SccProjectTopLevelParentUniqueName4 = Acquaint.Native.sln
		SccProjectName4 = Acquaint.Native/Acquaint.Native.UITest/Acquaint.Native.UITest.iOS
		SccLocalPath4 = Acquaint.Native\\Acquaint.Native.UITest\\Acquaint.Native.UITest.iOS
		SccProjectUniqueName5 = Acquaint.Native\\Acquaint.Native.UWP\\Acquaint.Native.UWP.csproj
		SccProjectName5 = Acquaint.Native/Acquaint.Native.UWP
		SccLocalPath5 = Acquaint.Native\\Acquaint.Native.UWP
		SccProjectUniqueName6 = Common\\Acquaint.Abstractions\\Acquaint.Abstractions.csproj
		SccProjectTopLevelParentUniqueName6 = Acquaint.Native.sln
		SccProjectName6 = Common/Acquaint.Abstractions
		SccLocalPath6 = Common\\Acquaint.Abstractions
		SccProjectUniqueName7 = Common\\Acquaint.Data\\Acquaint.Data.csproj
		SccProjectTopLevelParentUniqueName7 = Acquaint.Native.sln
		SccProjectName7 = Common/Acquaint.Data
		SccLocalPath7 = Common\\Acquaint.Data
		SccProjectUniqueName8 = Common\\Acquaint.Models\\Acquaint.Models.csproj
		SccProjectTopLevelParentUniqueName8 = Acquaint.Native.sln
		SccProjectName8 = Common/Acquaint.Models
		SccLocalPath8 = Common\\Acquaint.Models
		SccProjectUniqueName9 = Common\\Acquaint.Util\\Acquaint.Util.csproj
		SccProjectTopLevelParentUniqueName9 = Acquaint.Native.sln
		SccProjectName9 = Common/Acquaint.Util
		SccLocalPath9 = Common\\Acquaint.Util
		SccProjectUniqueName10 = ..\\Common\\Acquaint.ModelContracts\\Acquaint.ModelContracts.csproj
		SccProjectTopLevelParentUniqueName10 = Acquaint.Native.sln
		SccProjectName10 = ../Common/Acquaint.ModelContracts
		SccLocalPath10 = ..\\Common\\Acquaint.ModelContracts
	EndGlobalSection
EndGlobal
